{
  "name": "Projet 24 - NodeJs",
  "lockfileVersion": 2,
  "requires": true,
  "packages": {
    "": {
      "devDependencies": {
        "nodemo": "^1.0.0"
      }
    },
    "node_modules/nodemo": {
      "version": "1.0.0",
      "resolved": "https://registry.npmjs.org/nodemo/-/nodemo-1.0.0.tgz",
      "integrity": "sha1-HnJC/yHUPloUtBoVzHJPbjlok/I=",
      "dev": true
    }
  },
  "dependencies": {
    "nodemo": {
      "version": "1.0.0",
      "resolved": "https://registry.npmjs.org/nodemo/-/nodemo-1.0.0.tgz",
      "integrity": "sha1-HnJC/yHUPloUtBoVzHJPbjlok/I=",
      "dev": true
    }
  }
}
